{
  "object": {
    "pins": [
      {
        "package": "SwiftLazy",
        "repositoryURL": "https://github.com/Nekitosss/SwiftLazy.git",
        "state": {
          "branch": null,
          "revision": "7b4f2c6356049ffe0b4430629ceee0413ea9ea48",
          "version": "1.2.2"
        }
      }
    ]
  },
  "version": 1
}
